
Microsoft Visual Studio Solution File, Format Version 12.00
# Visual Studio Version 16
VisualStudioVersion = 16.0.31321.278
MinimumVisualStudioVersion = 10.0.40219.1
Project("{FAE04EC0-301F-11D3-BF4B-00C04F79EFBC}") = "AkinatOrt", "AkinatOrt.csproj", "{02FF5CC4-2D4A-4A04-8BB1-2355210EAE35}"
EndProject
Global
	GlobalSection(SolutionConfigurationPlatforms) = preSolution
		Debug|Any CPU = Debug|Any CPU
		Release|Any CPU = Release|Any CPU
	EndGlobalSection
	GlobalSection(ProjectConfigurationPlatforms) = postSolution
		{02FF5CC4-2D4A-4A04-8BB1-2355210EAE35}.Debug|Any CPU.ActiveCfg = Debug|Any CPU
		{02FF5CC4-2D4A-4A04-8BB1-2355210EAE35}.Debug|Any CPU.Build.0 = Debug|Any CPU
		{02FF5CC4-2D4A-4A04-8BB1-2355210EAE35}.Release|Any CPU.ActiveCfg = Release|Any CPU
		{02FF5CC4-2D4A-4A04-8BB1-2355210EAE35}.Release|Any CPU.Build.0 = Release|Any CPU
	EndGlobalSection
	GlobalSection(SolutionProperties) = preSolution
		HideSolutionNode = FALSE
	EndGlobalSection
	GlobalSection(ExtensibilityGlobals) = postSolution
		SolutionGuid = {C22D2E4C-375A-4C5B-BFCE-41753115A5F4}
	EndGlobalSection
EndGlobal
